{
    "version": 3,
    "terraform_version": "0.11.14",
    "serial": 9,
    "lineage": "b702878e-9e3d-cdcf-50db-afb05895c1bc",
    "modules": [
        {
            "path": [
                "root"
            ],
            "outputs": {
                "App IP": {
                    "sensitive": false,
                    "type": "string",
                    "value": ""
                }
            },
            "resources": {
                "google_compute_firewall.default": {
                    "type": "google_compute_firewall",
                    "depends_on": [],
                    "primary": {
                        "id": "tf-www-firewall",
                        "attributes": {
                            "allow.#": "1",
                            "allow.272637744.ports.#": "1",
                            "allow.272637744.ports.0": "80",
                            "allow.272637744.protocol": "tcp",
                            "creation_timestamp": "2020-02-05T10:35:23.143-08:00",
                            "deny.#": "0",
                            "description": "",
                            "destination_ranges.#": "0",
                            "direction": "INGRESS",
                            "disabled": "false",
                            "id": "tf-www-firewall",
                            "name": "tf-www-firewall",
                            "network": "https://www.googleapis.com/compute/v1/projects/skpvr-267211/global/networks/default",
                            "priority": "1000",
                            "project": "skpvr-267211",
                            "self_link": "https://www.googleapis.com/compute/v1/projects/skpvr-267211/global/firewalls/tf-www-firewall",
                            "source_ranges.#": "1",
                            "source_ranges.1080289494": "0.0.0.0/0",
                            "source_service_accounts.#": "0",
                            "source_tags.#": "0",
                            "target_service_accounts.#": "0",
                            "target_tags.#": "1",
                            "target_tags.365508689": "web"
                        },
                        "meta": {
                            "e2bfb730-ecaa-11e6-8f88-34363bc7c4c0": {
                                "create": 240000000000,
                                "delete": 240000000000,
                                "update": 240000000000
                            },
                            "schema_version": "1"
                        },
                        "tainted": false
                    },
                    "deposed": [],
                    "provider": "provider.google"
                },
                "google_compute_instance.app": {
                    "type": "google_compute_instance",
                    "depends_on": [],
                    "primary": {
                        "id": "tf-app",
                        "attributes": {
                            "attached_disk.#": "0",
                            "boot_disk.#": "1",
                            "boot_disk.0.auto_delete": "true",
                            "boot_disk.0.device_name": "persistent-disk-0",
                            "boot_disk.0.disk_encryption_key_raw": "",
                            "boot_disk.0.disk_encryption_key_sha256": "",
                            "boot_disk.0.initialize_params.#": "1",
                            "boot_disk.0.initialize_params.0.image": "https://www.googleapis.com/compute/v1/projects/skpvr-267211/global/images/packer-1581856648",
                            "boot_disk.0.initialize_params.0.labels.%": "0",
                            "boot_disk.0.initialize_params.0.size": "10",
                            "boot_disk.0.initialize_params.0.type": "pd-standard",
                            "boot_disk.0.kms_key_self_link": "",
                            "boot_disk.0.mode": "READ_WRITE",
                            "boot_disk.0.source": "https://www.googleapis.com/compute/v1/projects/skpvr-267211/zones/europe-west1-b/disks/tf-app",
                            "can_ip_forward": "false",
                            "cpu_platform": "Intel Haswell",
                            "deletion_protection": "false",
                            "description": "",
                            "enable_display": "false",
                            "guest_accelerator.#": "0",
                            "hostname": "",
                            "id": "tf-app",
                            "instance_id": "1080360753017684620",
                            "label_fingerprint": "42WmSpB8rSM=",
                            "labels.%": "0",
                            "machine_type": "f1-micro",
                            "metadata.%": "1",
                            "metadata.ssh-keys": "root:ssh-rsa AAAAB3NzaC1yc2EAAAADAQABAAABAQC4sgWtHTC9BERFMXzetrCzbc7EIPsVDaPnquVEurz4X30TDyhpVCauL1m73jFknTzYZW/76HkjeF3eBcSZKqEzIAPfTdGZYXsxTeAGU8jIcGwf4iK8EbS7aMo57TqE1JZrsUNVAkhx7pFx6JAPGgc5JBpSlIZBDaGlqX4WDgim8q5gy+gGdgaXgBDoUMSDxq81oNHb9HDnt4iE4dUuCFc8WyXmPD9EdMAGkjjpZzrkKLN/+KDqYdoINaShNlJoERTGWegpfM7or/bgpAwZTWcP80lzHU9s0+OzuHNvBE4j3ZedAsXrLkow8VfkvONmWvnCj7d6kHteWc6P5nE5aoVD santhakumar@santha\n",
                            "metadata_fingerprint": "D0O2nYMUxWQ=",
                            "metadata_startup_script": "",
                            "min_cpu_platform": "",
                            "name": "tf-app",
                            "network_interface.#": "1",
                            "network_interface.0.access_config.#": "1",
                            "network_interface.0.access_config.0.assigned_nat_ip": "",
                            "network_interface.0.access_config.0.nat_ip": "34.76.182.214",
                            "network_interface.0.access_config.0.network_tier": "PREMIUM",
                            "network_interface.0.access_config.0.public_ptr_domain_name": "",
                            "network_interface.0.address": "",
                            "network_interface.0.alias_ip_range.#": "0",
                            "network_interface.0.name": "nic0",
                            "network_interface.0.network": "https://www.googleapis.com/compute/v1/projects/skpvr-267211/global/networks/default",
                            "network_interface.0.network_ip": "10.132.0.12",
                            "network_interface.0.subnetwork": "https://www.googleapis.com/compute/v1/projects/skpvr-267211/regions/europe-west1/subnetworks/default",
                            "network_interface.0.subnetwork_project": "skpvr-267211",
                            "project": "skpvr-267211",
                            "scheduling.#": "1",
                            "scheduling.0.automatic_restart": "true",
                            "scheduling.0.node_affinities.#": "0",
                            "scheduling.0.on_host_maintenance": "MIGRATE",
                            "scheduling.0.preemptible": "false",
                            "scratch_disk.#": "0",
                            "self_link": "https://www.googleapis.com/compute/v1/projects/skpvr-267211/zones/europe-west1-b/instances/tf-app",
                            "service_account.#": "1",
                            "service_account.0.email": "334630076747-compute@developer.gserviceaccount.com",
                            "service_account.0.scopes.#": "1",
                            "service_account.0.scopes.2862113455": "https://www.googleapis.com/auth/compute.readonly",
                            "shielded_instance_config.#": "0",
                            "tags.#": "0",
                            "tags_fingerprint": "42WmSpB8rSM=",
                            "zone": "europe-west1-b"
                        },
                        "meta": {
                            "e2bfb730-ecaa-11e6-8f88-34363bc7c4c0": {
                                "create": 1200000000000,
                                "delete": 1200000000000,
                                "update": 1200000000000
                            },
                            "schema_version": "6"
                        },
                        "tainted": false
                    },
                    "deposed": [],
                    "provider": "provider.google"
                }
            },
            "depends_on": []
        }
    ]
}
